
Microsoft Visual Studio Solution File, Format Version 12.00
# Visual Studio 2013
VisualStudioVersion = 12.0.0.0
MinimumVisualStudioVersion = 10.0.0.1
Project("{FAE04EC0-301F-11D3-BF4B-00C04F79EFBC}") = "GT_MP_vehicleInfo", "GT-MP-vehicleInfo.csproj", "{CE631213-A4C3-4247-9874-7A586D4B400E}"
EndProject
Global
	GlobalSection(SolutionConfigurationPlatforms) = preSolution
		Debug|Any CPU = Debug|Any CPU
		Release|Any CPU = Release|Any CPU
	EndGlobalSection
	GlobalSection(ProjectConfigurationPlatforms) = postSolution
		{CE631213-A4C3-4247-9874-7A586D4B400E}.Debug|Any CPU.ActiveCfg = Debug|Any CPU
		{CE631213-A4C3-4247-9874-7A586D4B400E}.Debug|Any CPU.Build.0 = Debug|Any CPU
		{CE631213-A4C3-4247-9874-7A586D4B400E}.Release|Any CPU.ActiveCfg = Release|Any CPU
		{CE631213-A4C3-4247-9874-7A586D4B400E}.Release|Any CPU.Build.0 = Release|Any CPU
	EndGlobalSection
	GlobalSection(SolutionProperties) = preSolution
		HideSolutionNode = FALSE
	EndGlobalSection
EndGlobal
